
Microsoft Visual Studio Solution File, Format Version 12.00
# Visual Studio Version 17
VisualStudioVersion = 17.14.36705.20 d17.14
MinimumVisualStudioVersion = 10.0.40219.1
Project("{FAE04EC0-301F-11D3-BF4B-00C04F79EFBC}") = "Ecommerencesite", "Ecommerencesite\Ecommerencesite.csproj", "{5B0CA59F-FC5E-40EF-A9D5-DA4B26EBC8DB}"
EndProject
Global
	GlobalSection(SolutionConfigurationPlatforms) = preSolution
		Debug|Any CPU = Debug|Any CPU
		Release|Any CPU = Release|Any CPU
	EndGlobalSection
	GlobalSection(ProjectConfigurationPlatforms) = postSolution
		{5B0CA59F-FC5E-40EF-A9D5-DA4B26EBC8DB}.Debug|Any CPU.ActiveCfg = Debug|Any CPU
		{5B0CA59F-FC5E-40EF-A9D5-DA4B26EBC8DB}.Debug|Any CPU.Build.0 = Debug|Any CPU
		{5B0CA59F-FC5E-40EF-A9D5-DA4B26EBC8DB}.Release|Any CPU.ActiveCfg = Release|Any CPU
		{5B0CA59F-FC5E-40EF-A9D5-DA4B26EBC8DB}.Release|Any CPU.Build.0 = Release|Any CPU
	EndGlobalSection
	GlobalSection(SolutionProperties) = preSolution
		HideSolutionNode = FALSE
	EndGlobalSection
	GlobalSection(ExtensibilityGlobals) = postSolution
		SolutionGuid = {4C5F2DDE-D0CF-4988-A144-F9E0E67915A5}
	EndGlobalSection
EndGlobal
